PODS:
  - SwiftLint (0.40.3)
  - TapSwiftFixes/Exceptions (1.0.9)
  - TapSwiftFixes/Threading (1.0.9)

DEPENDENCIES:
  - SwiftLint
  - TapSwiftFixes/Exceptions
  - TapSwiftFixes/Threading

SPEC REPOS:
  trunk:
    - SwiftLint
    - TapSwiftFixes

SPEC CHECKSUMS:
  SwiftLint: dfd554ff0dff17288ee574814ccdd5cea85d76f7
  TapSwiftFixes: db2aeb21942dd81ee051a31ed319dab0d03547a2

PODFILE CHECKSUM: d666a07c1fe450b18d499c375d078ce71b4cb90c

COCOAPODS: 1.9.3
