PODS:
  - TapSwiftFixesV2 (1.0.0):
    - TapSwiftFixesV2/CoreGraphics (= 1.0.0)
    - TapSwiftFixesV2/Exceptions (= 1.0.0)
    - TapSwiftFixesV2/Threading (= 1.0.0)
  - TapSwiftFixesV2/CoreGraphics (1.0.0)
  - TapSwiftFixesV2/Exceptions (1.0.0)
  - TapSwiftFixesV2/Threading (1.0.0)

DEPENDENCIES:
  - TapSwiftFixesV2 (~> 1.0)

SPEC REPOS:
  trunk:
    - TapSwiftFixesV2

SPEC CHECKSUMS:
  TapSwiftFixesV2: a8623a7273c6790b9754ec7e272e96fce7d3a800

PODFILE CHECKSUM: 0ab0bd086b6d542287fd868b34f6717c94350d66

COCOAPODS: 1.9.3
